
Microsoft Visual Studio Solution File, Format Version 9.00
# Visual Studio 2005
Project("{8BC9CEB8-8B4A-11D0-8D11-00A0C91BC942}") = "shivasqlite", "shivasqlite.vcproj", "{FDC9970B-6615-4061-A52D-71D6E31A81F1}"
	ProjectSection(WebsiteProperties) = preProject
		Debug.AspNetCompiler.Debug = "True"
		Release.AspNetCompiler.Debug = "False"
	EndProjectSection
EndProject
Project("{8BC9CEB8-8B4A-11D0-8D11-00A0C91BC942}") = "shivasqlitetester", "shivasqlitetester\shivasqlitetester.vcproj", "{BB03BA12-2702-4C4B-90CD-D6D752D8252B}"
	ProjectSection(WebsiteProperties) = preProject
		Debug.AspNetCompiler.Debug = "True"
		Release.AspNetCompiler.Debug = "False"
	EndProjectSection
EndProject
Global
	GlobalSection(SolutionConfigurationPlatforms) = preSolution
		Debug|Win32 = Debug|Win32
		Release|Win32 = Release|Win32
	EndGlobalSection
	GlobalSection(ProjectConfigurationPlatforms) = postSolution
		{FDC9970B-6615-4061-A52D-71D6E31A81F1}.Debug|Win32.ActiveCfg = Debug|Win32
		{FDC9970B-6615-4061-A52D-71D6E31A81F1}.Debug|Win32.Build.0 = Debug|Win32
		{FDC9970B-6615-4061-A52D-71D6E31A81F1}.Release|Win32.ActiveCfg = Release|Win32
		{FDC9970B-6615-4061-A52D-71D6E31A81F1}.Release|Win32.Build.0 = Release|Win32
		{BB03BA12-2702-4C4B-90CD-D6D752D8252B}.Debug|Win32.ActiveCfg = Debug|Win32
		{BB03BA12-2702-4C4B-90CD-D6D752D8252B}.Debug|Win32.Build.0 = Debug|Win32
		{BB03BA12-2702-4C4B-90CD-D6D752D8252B}.Release|Win32.ActiveCfg = Release|Win32
		{BB03BA12-2702-4C4B-90CD-D6D752D8252B}.Release|Win32.Build.0 = Release|Win32
	EndGlobalSection
	GlobalSection(SolutionProperties) = preSolution
		HideSolutionNode = FALSE
	EndGlobalSection
EndGlobal
